
Microsoft Visual Studio Solution File, Format Version 12.00
# Visual Studio Version 17
VisualStudioVersion = 17.6.33815.320
MinimumVisualStudioVersion = 10.0.40219.1
Project("{2150E333-8FDC-42A3-9474-1A3956D46DE8}") = "Core", "Core", "{1D362033-7C8F-4B6E-AB71-F73A357C11F9}"
EndProject
Project("{2150E333-8FDC-42A3-9474-1A3956D46DE8}") = "Infrastructure", "Infrastructure", "{103C14E6-ECA9-4CE2-9775-09A0E9F9ACCC}"
EndProject
Project("{2150E333-8FDC-42A3-9474-1A3956D46DE8}") = "Presentation", "Presentation", "{2F9D5B28-F7CF-4517-9FC4-DF087B7D52BD}"
EndProject
Project("{9A19103F-16F7-4668-BE54-9A1E7A4F7556}") = "E.C.Products.Domain", "Core\E.C.Products.Domain\E.C.Products.Domain.csproj", "{081592C9-06EE-4EA4-8CBC-E7B3449C8976}"
EndProject
Project("{FAE04EC0-301F-11D3-BF4B-00C04F79EFBC}") = "E.C.Products.Application", "Core\E.C.Products.Application\E.C.Products.Application.csproj", "{EDFB4091-BA79-4756-B8D7-1A975F906F1E}"
EndProject
Project("{FAE04EC0-301F-11D3-BF4B-00C04F79EFBC}") = "E.C.Products.Persistence", "Infrastructure\E.C.Products.Persistence\E.C.Products.Persistence.csproj", "{0FE47EBA-3C68-414D-84B3-200D50D3CECB}"
EndProject
Project("{FAE04EC0-301F-11D3-BF4B-00C04F79EFBC}") = "E.C.Products.API", "Presentation\E.C.Products.API\E.C.Products.API.csproj", "{21D08EF3-7107-4D36-8734-9DC649834B7F}"
EndProject
Global
	GlobalSection(SolutionConfigurationPlatforms) = preSolution
		Debug|Any CPU = Debug|Any CPU
		Release|Any CPU = Release|Any CPU
	EndGlobalSection
	GlobalSection(ProjectConfigurationPlatforms) = postSolution
		{081592C9-06EE-4EA4-8CBC-E7B3449C8976}.Debug|Any CPU.ActiveCfg = Debug|Any CPU
		{081592C9-06EE-4EA4-8CBC-E7B3449C8976}.Debug|Any CPU.Build.0 = Debug|Any CPU
		{081592C9-06EE-4EA4-8CBC-E7B3449C8976}.Release|Any CPU.ActiveCfg = Release|Any CPU
		{081592C9-06EE-4EA4-8CBC-E7B3449C8976}.Release|Any CPU.Build.0 = Release|Any CPU
		{EDFB4091-BA79-4756-B8D7-1A975F906F1E}.Debug|Any CPU.ActiveCfg = Debug|Any CPU
		{EDFB4091-BA79-4756-B8D7-1A975F906F1E}.Debug|Any CPU.Build.0 = Debug|Any CPU
		{EDFB4091-BA79-4756-B8D7-1A975F906F1E}.Release|Any CPU.ActiveCfg = Release|Any CPU
		{EDFB4091-BA79-4756-B8D7-1A975F906F1E}.Release|Any CPU.Build.0 = Release|Any CPU
		{0FE47EBA-3C68-414D-84B3-200D50D3CECB}.Debug|Any CPU.ActiveCfg = Debug|Any CPU
		{0FE47EBA-3C68-414D-84B3-200D50D3CECB}.Debug|Any CPU.Build.0 = Debug|Any CPU
		{0FE47EBA-3C68-414D-84B3-200D50D3CECB}.Release|Any CPU.ActiveCfg = Release|Any CPU
		{0FE47EBA-3C68-414D-84B3-200D50D3CECB}.Release|Any CPU.Build.0 = Release|Any CPU
		{21D08EF3-7107-4D36-8734-9DC649834B7F}.Debug|Any CPU.ActiveCfg = Debug|Any CPU
		{21D08EF3-7107-4D36-8734-9DC649834B7F}.Debug|Any CPU.Build.0 = Debug|Any CPU
		{21D08EF3-7107-4D36-8734-9DC649834B7F}.Release|Any CPU.ActiveCfg = Release|Any CPU
		{21D08EF3-7107-4D36-8734-9DC649834B7F}.Release|Any CPU.Build.0 = Release|Any CPU
	EndGlobalSection
	GlobalSection(SolutionProperties) = preSolution
		HideSolutionNode = FALSE
	EndGlobalSection
	GlobalSection(NestedProjects) = preSolution
		{081592C9-06EE-4EA4-8CBC-E7B3449C8976} = {1D362033-7C8F-4B6E-AB71-F73A357C11F9}
		{EDFB4091-BA79-4756-B8D7-1A975F906F1E} = {1D362033-7C8F-4B6E-AB71-F73A357C11F9}
		{0FE47EBA-3C68-414D-84B3-200D50D3CECB} = {103C14E6-ECA9-4CE2-9775-09A0E9F9ACCC}
		{21D08EF3-7107-4D36-8734-9DC649834B7F} = {2F9D5B28-F7CF-4517-9FC4-DF087B7D52BD}
	EndGlobalSection
	GlobalSection(ExtensibilityGlobals) = postSolution
		SolutionGuid = {E9B71DEA-9E10-4138-AF6B-11C0A816B7D2}
	EndGlobalSection
EndGlobal
